// !$*UTF8*$!
{
	archiveVersion = 1;
	classes = {
	};
	objectVersion = 46;
	objects = {

/* Begin PBXBuildFile section */
		32E97B99195B9575003949D3 /* Foundation.framework in Frameworks */ = {isa = PBXBuildFile; fileRef = 32E97B98195B9575003949D3 /* Foundation.framework */; };
		32E97B9B195B9575003949D3 /* CoreGraphics.framework in Frameworks */ = {isa = PBXBuildFile; fileRef = 32E97B9A195B9575003949D3 /* CoreGraphics.framework */; };
		32E97B9D195B9575003949D3 /* UIKit.framework in Frameworks */ = {isa = PBXBuildFile; fileRef = 32E97B9C195B9575003949D3 /* UIKit.framework */; };
		32E97BA3195B9575003949D3 /* InfoPlist.strings in Resources */ = {isa = PBXBuildFile; fileRef = 32E97BA1195B9575003949D3 /* InfoPlist.strings */; };
		32E97BA5195B9575003949D3 /* main.m in Sources */ = {isa = PBXBuildFile; fileRef = 32E97BA4195B9575003949D3 /* main.m */; };
		32E97BA9195B9575003949D3 /* AppDelegate.m in Sources */ = {isa = PBXBuildFile; fileRef = 32E97BA8195B9575003949D3 /* AppDelegate.m */; };
		32E97BAB195B9575003949D3 /* Images.xcassets in Resources */ = {isa = PBXBuildFile; fileRef = 32E97BAA195B9575003949D3 /* Images.xcassets */; };
		32E97BB2195B9575003949D3 /* XCTest.framework in Frameworks */ = {isa = PBXBuildFile; fileRef = 32E97BB1195B9575003949D3 /* XCTest.framework */; };
		32E97BB3195B9575003949D3 /* Foundation.framework in Frameworks */ = {isa = PBXBuildFile; fileRef = 32E97B98195B9575003949D3 /* Foundation.framework */; };
		32E97BB4195B9575003949D3 /* UIKit.framework in Frameworks */ = {isa = PBXBuildFile; fileRef = 32E97B9C195B9575003949D3 /* UIKit.framework */; };
		32E97BBC195B9575003949D3 /* InfoPlist.strings in Resources */ = {isa = PBXBuildFile; fileRef = 32E97BBA195B9575003949D3 /* InfoPlist.strings */; };
		32E97BBE195B9575003949D3 /* Path_AnimationTests.m in Sources */ = {isa = PBXBuildFile; fileRef = 32E97BBD195B9575003949D3 /* Path_AnimationTests.m */; };
		32E97BCA195B958F003949D3 /* PaperViewController.m in Sources */ = {isa = PBXBuildFile; fileRef = 32E97BC8195B958F003949D3 /* PaperViewController.m */; };
		32E97BCB195B958F003949D3 /* PaperViewController.xib in Resources */ = {isa = PBXBuildFile; fileRef = 32E97BC9195B958F003949D3 /* PaperViewController.xib */; };
/* End PBXBuildFile section */

/* Begin PBXContainerItemProxy section */
		32E97BB5195B9575003949D3 /* PBXContainerItemProxy */ = {
			isa = PBXContainerItemProxy;
			containerPortal = 32E97B8D195B9575003949D3 /* Project object */;
			proxyType = 1;
			remoteGlobalIDString = 32E97B94195B9575003949D3;
			remoteInfo = "Path Animation";
		};
/* End PBXContainerItemProxy section */

/* Begin PBXFileReference section */
		32E97B95195B9575003949D3 /* Path Animation.app */ = {isa = PBXFileReference; explicitFileType = wrapper.application; includeInIndex = 0; path = "Path Animation.app"; sourceTree = BUILT_PRODUCTS_DIR; };
		32E97B98195B9575003949D3 /* Foundation.framework */ = {isa = PBXFileReference; lastKnownFileType = wrapper.framework; name = Foundation.framework; path = System/Library/Frameworks/Foundation.framework; sourceTree = SDKROOT; };
		32E97B9A195B9575003949D3 /* CoreGraphics.framework */ = {isa = PBXFileReference; lastKnownFileType = wrapper.framework; name = CoreGraphics.framework; path = System/Library/Frameworks/CoreGraphics.framework; sourceTree = SDKROOT; };
		32E97B9C195B9575003949D3 /* UIKit.framework */ = {isa = PBXFileReference; lastKnownFileType = wrapper.framework; name = UIKit.framework; path = System/Library/Frameworks/UIKit.framework; sourceTree = SDKROOT; };
		32E97BA0195B9575003949D3 /* Path Animation-Info.plist */ = {isa = PBXFileReference; lastKnownFileType = text.plist.xml; path = "Path Animation-Info.plist"; sourceTree = "<group>"; };
		32E97BA2195B9575003949D3 /* en */ = {isa = PBXFileReference; lastKnownFileType = text.plist.strings; name = en; path = en.lproj/InfoPlist.strings; sourceTree = "<group>"; };
		32E97BA4195B9575003949D3 /* main.m */ = {isa = PBXFileReference; lastKnownFileType = sourcecode.c.objc; path = main.m; sourceTree = "<group>"; };
		32E97BA6195B9575003949D3 /* Path Animation-Prefix.pch */ = {isa = PBXFileReference; lastKnownFileType = sourcecode.c.h; path = "Path Animation-Prefix.pch"; sourceTree = "<group>"; };
		32E97BA7195B9575003949D3 /* AppDelegate.h */ = {isa = PBXFileReference; lastKnownFileType = sourcecode.c.h; path = AppDelegate.h; sourceTree = "<group>"; };
		32E97BA8195B9575003949D3 /* AppDelegate.m */ = {isa = PBXFileReference; lastKnownFileType = sourcecode.c.objc; path = AppDelegate.m; sourceTree = "<group>"; };
		32E97BAA195B9575003949D3 /* Images.xcassets */ = {isa = PBXFileReference; lastKnownFileType = folder.assetcatalog; path = Images.xcassets; sourceTree = "<group>"; };
		32E97BB0195B9575003949D3 /* Path AnimationTests.xctest */ = {isa = PBXFileReference; explicitFileType = wrapper.cfbundle; includeInIndex = 0; path = "Path AnimationTests.xctest"; sourceTree = BUILT_PRODUCTS_DIR; };
		32E97BB1195B9575003949D3 /* XCTest.framework */ = {isa = PBXFileReference; lastKnownFileType = wrapper.framework; name = XCTest.framework; path = Library/Frameworks/XCTest.framework; sourceTree = DEVELOPER_DIR; };
		32E97BB9195B9575003949D3 /* Path AnimationTests-Info.plist */ = {isa = PBXFileReference; lastKnownFileType = text.plist.xml; path = "Path AnimationTests-Info.plist"; sourceTree = "<group>"; };
		32E97BBB195B9575003949D3 /* en */ = {isa = PBXFileReference; lastKnownFileType = text.plist.strings; name = en; path = en.lproj/InfoPlist.strings; sourceTree = "<group>"; };
		32E97BBD195B9575003949D3 /* Path_AnimationTests.m */ = {isa = PBXFileReference; lastKnownFileType = sourcecode.c.objc; path = Path_AnimationTests.m; sourceTree = "<group>"; };
		32E97BC7195B958F003949D3 /* PaperViewController.h */ = {isa = PBXFileReference; fileEncoding = 4; lastKnownFileType = sourcecode.c.h; path = PaperViewController.h; sourceTree = "<group>"; };
		32E97BC8195B958F003949D3 /* PaperViewController.m */ = {isa = PBXFileReference; fileEncoding = 4; lastKnownFileType = sourcecode.c.objc; path = PaperViewController.m; sourceTree = "<group>"; };
		32E97BC9195B958F003949D3 /* PaperViewController.xib */ = {isa = PBXFileReference; fileEncoding = 4; lastKnownFileType = file.xib; path = PaperViewController.xib; sourceTree = "<group>"; };
/* End PBXFileReference section */

/* Begin PBXFrameworksBuildPhase section */
		32E97B92195B9575003949D3 /* Frameworks */ = {
			isa = PBXFrameworksBuildPhase;
			buildActionMask = 2147483647;
			files = (
				32E97B9B195B9575003949D3 /* CoreGraphics.framework in Frameworks */,
				32E97B9D195B9575003949D3 /* UIKit.framework in Frameworks */,
				32E97B99195B9575003949D3 /* Foundation.framework in Frameworks */,
			);
			runOnlyForDeploymentPostprocessing = 0;
		};
		32E97BAD195B9575003949D3 /* Frameworks */ = {
			isa = PBXFrameworksBuildPhase;
			buildActionMask = 2147483647;
			files = (
				32E97BB2195B9575003949D3 /* XCTest.framework in Frameworks */,
				32E97BB4195B9575003949D3 /* UIKit.framework in Frameworks */,
				32E97BB3195B9575003949D3 /* Foundation.framework in Frameworks */,
			);
			runOnlyForDeploymentPostprocessing = 0;
		};
/* End PBXFrameworksBuildPhase section */

/* Begin PBXGroup section */
		32E97B8C195B9575003949D3 = {
			isa = PBXGroup;
			children = (
				32E97B9E195B9575003949D3 /* Path Animation */,
				32E97BB7195B9575003949D3 /* Path AnimationTests */,
				32E97B97195B9575003949D3 /* Frameworks */,
				32E97B96195B9575003949D3 /* Products */,
			);
			sourceTree = "<group>";
		};
		32E97B96195B9575003949D3 /* Products */ = {
			isa = PBXGroup;
			children = (
				32E97B95195B9575003949D3 /* Path Animation.app */,
				32E97BB0195B9575003949D3 /* Path AnimationTests.xctest */,
			);
			name = Products;
			sourceTree = "<group>";
		};
		32E97B97195B9575003949D3 /* Frameworks */ = {
			isa = PBXGroup;
			children = (
				32E97B98195B9575003949D3 /* Foundation.framework */,
				32E97B9A195B9575003949D3 /* CoreGraphics.framework */,
				32E97B9C195B9575003949D3 /* UIKit.framework */,
				32E97BB1195B9575003949D3 /* XCTest.framework */,
			);
			name = Frameworks;
			sourceTree = "<group>";
		};
		32E97B9E195B9575003949D3 /* Path Animation */ = {
			isa = PBXGroup;
			children = (
				32E97BA7195B9575003949D3 /* AppDelegate.h */,
				32E97BC7195B958F003949D3 /* PaperViewController.h */,
				32E97BC8195B958F003949D3 /* PaperViewController.m */,
				32E97BC9195B958F003949D3 /* PaperViewController.xib */,
				32E97BA8195B9575003949D3 /* AppDelegate.m */,
				32E97BAA195B9575003949D3 /* Images.xcassets */,
				32E97B9F195B9575003949D3 /* Supporting Files */,
			);
			path = "Path Animation";
			sourceTree = "<group>";
		};
		32E97B9F195B9575003949D3 /* Supporting Files */ = {
			isa = PBXGroup;
			children = (
				32E97BA0195B9575003949D3 /* Path Animation-Info.plist */,
				32E97BA1195B9575003949D3 /* InfoPlist.strings */,
				32E97BA4195B9575003949D3 /* main.m */,
				32E97BA6195B9575003949D3 /* Path Animation-Prefix.pch */,
			);
			name = "Supporting Files";
			sourceTree = "<group>";
		};
		32E97BB7195B9575003949D3 /* Path AnimationTests */ = {
			isa = PBXGroup;
			children = (
				32E97BBD195B9575003949D3 /* Path_AnimationTests.m */,
				32E97BB8195B9575003949D3 /* Supporting Files */,
			);
			path = "Path AnimationTests";
			sourceTree = "<group>";
		};
		32E97BB8195B9575003949D3 /* Supporting Files */ = {
			isa = PBXGroup;
			children = (
				32E97BB9195B9575003949D3 /* Path AnimationTests-Info.plist */,
				32E97BBA195B9575003949D3 /* InfoPlist.strings */,
			);
			name = "Supporting Files";
			sourceTree = "<group>";
		};
/* End PBXGroup section */

/* Begin PBXNativeTarget section */
		32E97B94195B9575003949D3 /* Path Animation */ = {
			isa = PBXNativeTarget;
			buildConfigurationList = 32E97BC1195B9575003949D3 /* Build configuration list for PBXNativeTarget "Path Animation" */;
			buildPhases = (
				32E97B91195B9575003949D3 /* Sources */,
				32E97B92195B9575003949D3 /* Frameworks */,
				32E97B93195B9575003949D3 /* Resources */,
			);
			buildRules = (
			);
			dependencies = (
			);
			name = "Path Animation";
			productName = "Path Animation";
			productReference = 32E97B95195B9575003949D3 /* Path Animation.app */;
			productType = "com.apple.product-type.application";
		};
		32E97BAF195B9575003949D3 /* Path AnimationTests */ = {
			isa = PBXNativeTarget;
			buildConfigurationList = 32E97BC4195B9575003949D3 /* Build configuration list for PBXNativeTarget "Path AnimationTests" */;
			buildPhases = (
				32E97BAC195B9575003949D3 /* Sources */,
				32E97BAD195B9575003949D3 /* Frameworks */,
				32E97BAE195B9575003949D3 /* Resources */,
			);
			buildRules = (
			);
			dependencies = (
				32E97BB6195B9575003949D3 /* PBXTargetDependency */,
			);
			name = "Path AnimationTests";
			productName = "Path AnimationTests";
			productReference = 32E97BB0195B9575003949D3 /* Path AnimationTests.xctest */;
			productType = "com.apple.product-type.bundle.unit-test";
		};
/* End PBXNativeTarget section */

/* Begin PBXProject section */
		32E97B8D195B9575003949D3 /* Project object */ = {
			isa = PBXProject;
			attributes = {
				LastUpgradeCheck = 0510;
				ORGANIZATIONNAME = codepath;
				TargetAttributes = {
					32E97BAF195B9575003949D3 = {
						TestTargetID = 32E97B94195B9575003949D3;
					};
				};
			};
			buildConfigurationList = 32E97B90195B9575003949D3 /* Build configuration list for PBXProject "Path Animation" */;
			compatibilityVersion = "Xcode 3.2";
			developmentRegion = English;
			hasScannedForEncodings = 0;
			knownRegions = (
				en,
			);
			mainGroup = 32E97B8C195B9575003949D3;
			productRefGroup = 32E97B96195B9575003949D3 /* Products */;
			projectDirPath = "";
			projectRoot = "";
			targets = (
				32E97B94195B9575003949D3 /* Path Animation */,
				32E97BAF195B9575003949D3 /* Path AnimationTests */,
			);
		};
/* End PBXProject section */

/* Begin PBXResourcesBuildPhase section */
		32E97B93195B9575003949D3 /* Resources */ = {
			isa = PBXResourcesBuildPhase;
			buildActionMask = 2147483647;
			files = (
				32E97BA3195B9575003949D3 /* InfoPlist.strings in Resources */,
				32E97BCB195B958F003949D3 /* PaperViewController.xib in Resources */,
				32E97BAB195B9575003949D3 /* Images.xcassets in Resources */,
			);
			runOnlyForDeploymentPostprocessing = 0;
		};
		32E97BAE195B9575003949D3 /* Resources */ = {
			isa = PBXResourcesBuildPhase;
			buildActionMask = 2147483647;
			files = (
				32E97BBC195B9575003949D3 /* InfoPlist.strings in Resources */,
			);
			runOnlyForDeploymentPostprocessing = 0;
		};
/* End PBXResourcesBuildPhase section */

/* Begin PBXSourcesBuildPhase section */
		32E97B91195B9575003949D3 /* Sources */ = {
			isa = PBXSourcesBuildPhase;
			buildActionMask = 2147483647;
			files = (
				32E97BCA195B958F003949D3 /* PaperViewController.m in Sources */,
				32E97BA9195B9575003949D3 /* AppDelegate.m in Sources */,
				32E97BA5195B9575003949D3 /* main.m in Sources */,
			);
			runOnlyForDeploymentPostprocessing = 0;
		};
		32E97BAC195B9575003949D3 /* Sources */ = {
			isa = PBXSourcesBuildPhase;
			buildActionMask = 2147483647;
			files = (
				32E97BBE195B9575003949D3 /* Path_AnimationTests.m in Sources */,
			);
			runOnlyForDeploymentPostprocessing = 0;
		};
/* End PBXSourcesBuildPhase section */

/* Begin PBXTargetDependency section */
		32E97BB6195B9575003949D3 /* PBXTargetDependency */ = {
			isa = PBXTargetDependency;
			target = 32E97B94195B9575003949D3 /* Path Animation */;
			targetProxy = 32E97BB5195B9575003949D3 /* PBXContainerItemProxy */;
		};
/* End PBXTargetDependency section */

/* Begin PBXVariantGroup section */
		32E97BA1195B9575003949D3 /* InfoPlist.strings */ = {
			isa = PBXVariantGroup;
			children = (
				32E97BA2195B9575003949D3 /* en */,
			);
			name = InfoPlist.strings;
			sourceTree = "<group>";
		};
		32E97BBA195B9575003949D3 /* InfoPlist.strings */ = {
			isa = PBXVariantGroup;
			children = (
				32E97BBB195B9575003949D3 /* en */,
			);
			name = InfoPlist.strings;
			sourceTree = "<group>";
		};
/* End PBXVariantGroup section */

/* Begin XCBuildConfiguration section */
		32E97BBF195B9575003949D3 /* Debug */ = {
			isa = XCBuildConfiguration;
			buildSettings = {
				ALWAYS_SEARCH_USER_PATHS = NO;
				CLANG_CXX_LANGUAGE_STANDARD = "gnu++0x";
				CLANG_CXX_LIBRARY = "libc++";
				CLANG_ENABLE_MODULES = YES;
				CLANG_ENABLE_OBJC_ARC = YES;
				CLANG_WARN_BOOL_CONVERSION = YES;
				CLANG_WARN_CONSTANT_CONVERSION = YES;
				CLANG_WARN_DIRECT_OBJC_ISA_USAGE = YES_ERROR;
				CLANG_WARN_EMPTY_BODY = YES;
				CLANG_WARN_ENUM_CONVERSION = YES;
				CLANG_WARN_INT_CONVERSION = YES;
				CLANG_WARN_OBJC_ROOT_CLASS = YES_ERROR;
				CLANG_WARN__DUPLICATE_METHOD_MATCH = YES;
				"CODE_SIGN_IDENTITY[sdk=iphoneos*]" = "iPhone Developer";
				COPY_PHASE_STRIP = NO;
				GCC_C_LANGUAGE_STANDARD = gnu99;
				GCC_DYNAMIC_NO_PIC = NO;
				GCC_OPTIMIZATION_LEVEL = 0;
				GCC_PREPROCESSOR_DEFINITIONS = (
					"DEBUG=1",
					"$(inherited)",
				);
				GCC_SYMBOLS_PRIVATE_EXTERN = NO;
				GCC_WARN_64_TO_32_BIT_CONVERSION = YES;
				GCC_WARN_ABOUT_RETURN_TYPE = YES_ERROR;
				GCC_WARN_UNDECLARED_SELECTOR = YES;
				GCC_WARN_UNINITIALIZED_AUTOS = YES_AGGRESSIVE;
				GCC_WARN_UNUSED_FUNCTION = YES;
				GCC_WARN_UNUSED_VARIABLE = YES;
				IPHONEOS_DEPLOYMENT_TARGET = 7.1;
				ONLY_ACTIVE_ARCH = YES;
				SDKROOT = iphoneos;
				TARGETED_DEVICE_FAMILY = "1,2";
			};
			name = Debug;
		};
		32E97BC0195B9575003949D3 /* Release */ = {
			isa = XCBuildConfiguration;
			buildSettings = {
				ALWAYS_SEARCH_USER_PATHS = NO;
				CLANG_CXX_LANGUAGE_STANDARD = "gnu++0x";
				CLANG_CXX_LIBRARY = "libc++";
				CLANG_ENABLE_MODULES = YES;
				CLANG_ENABLE_OBJC_ARC = YES;
				CLANG_WARN_BOOL_CONVERSION = YES;
				CLANG_WARN_CONSTANT_CONVERSION = YES;
				CLANG_WARN_DIRECT_OBJC_ISA_USAGE = YES_ERROR;
				CLANG_WARN_EMPTY_BODY = YES;
				CLANG_WARN_ENUM_CONVERSION = YES;
				CLANG_WARN_INT_CONVERSION = YES;
				CLANG_WARN_OBJC_ROOT_CLASS = YES_ERROR;
				CLANG_WARN__DUPLICATE_METHOD_MATCH = YES;
				"CODE_SIGN_IDENTITY[sdk=iphoneos*]" = "iPhone Developer";
				COPY_PHASE_STRIP = YES;
				ENABLE_NS_ASSERTIONS = NO;
				GCC_C_LANGUAGE_STANDARD = gnu99;
				GCC_WARN_64_TO_32_BIT_CONVERSION = YES;
				GCC_WARN_ABOUT_RETURN_TYPE = YES_ERROR;
				GCC_WARN_UNDECLARED_SELECTOR = YES;
				GCC_WARN_UNINITIALIZED_AUTOS = YES_AGGRESSIVE;
				GCC_WARN_UNUSED_FUNCTION = YES;
				GCC_WARN_UNUSED_VARIABLE = YES;
				IPHONEOS_DEPLOYMENT_TARGET = 7.1;
				SDKROOT = iphoneos;
				TARGETED_DEVICE_FAMILY = "1,2";
				VALIDATE_PRODUCT = YES;
			};
			name = Release;
		};
		32E97BC2195B9575003949D3 /* Debug */ = {
			isa = XCBuildConfiguration;
			buildSettings = {
				ASSETCATALOG_COMPILER_APPICON_NAME = AppIcon;
				ASSETCATALOG_COMPILER_LAUNCHIMAGE_NAME = LaunchImage;
				GCC_PRECOMPILE_PREFIX_HEADER = YES;
				GCC_PREFIX_HEADER = "Path Animation/Path Animation-Prefix.pch";
				INFOPLIST_FILE = "Path Animation/Path Animation-Info.plist";
				PRODUCT_NAME = "$(TARGET_NAME)";
				WRAPPER_EXTENSION = app;
			};
			name = Debug;
		};
		32E97BC3195B9575003949D3 /* Release */ = {
			isa = XCBuildConfiguration;
			buildSettings = {
				ASSETCATALOG_COMPILER_APPICON_NAME = AppIcon;
				ASSETCATALOG_COMPILER_LAUNCHIMAGE_NAME = LaunchImage;
				GCC_PRECOMPILE_PREFIX_HEADER = YES;
				GCC_PREFIX_HEADER = "Path Animation/Path Animation-Prefix.pch";
				INFOPLIST_FILE = "Path Animation/Path Animation-Info.plist";
				PRODUCT_NAME = "$(TARGET_NAME)";
				WRAPPER_EXTENSION = app;
			};
			name = Release;
		};
		32E97BC5195B9575003949D3 /* Debug */ = {
			isa = XCBuildConfiguration;
			buildSettings = {
				BUNDLE_LOADER = "$(BUILT_PRODUCTS_DIR)/Path Animation.app/Path Animation";
				FRAMEWORK_SEARCH_PATHS = (
					"$(SDKROOT)/Developer/Library/Frameworks",
					"$(inherited)",
					"$(DEVELOPER_FRAMEWORKS_DIR)",
				);
				GCC_PRECOMPILE_PREFIX_HEADER = YES;
				GCC_PREFIX_HEADER = "Path Animation/Path Animation-Prefix.pch";
				GCC_PREPROCESSOR_DEFINITIONS = (
					"DEBUG=1",
					"$(inherited)",
				);
				INFOPLIST_FILE = "Path AnimationTests/Path AnimationTests-Info.plist";
				PRODUCT_NAME = "$(TARGET_NAME)";
				TEST_HOST = "$(BUNDLE_LOADER)";
				WRAPPER_EXTENSION = xctest;
			};
			name = Debug;
		};
		32E97BC6195B9575003949D3 /* Release */ = {
			isa = XCBuildConfiguration;
			buildSettings = {
				BUNDLE_LOADER = "$(BUILT_PRODUCTS_DIR)/Path Animation.app/Path Animation";
				FRAMEWORK_SEARCH_PATHS = (
					"$(SDKROOT)/Developer/Library/Frameworks",
					"$(inherited)",
					"$(DEVELOPER_FRAMEWORKS_DIR)",
				);
				GCC_PRECOMPILE_PREFIX_HEADER = YES;
				GCC_PREFIX_HEADER = "Path Animation/Path Animation-Prefix.pch";
				INFOPLIST_FILE = "Path AnimationTests/Path AnimationTests-Info.plist";
				PRODUCT_NAME = "$(TARGET_NAME)";
				TEST_HOST = "$(BUNDLE_LOADER)";
				WRAPPER_EXTENSION = xctest;
			};
			name = Release;
		};
/* End XCBuildConfiguration section */

/* Begin XCConfigurationList section */
		32E97B90195B9575003949D3 /* Build configuration list for PBXProject "Path Animation" */ = {
			isa = XCConfigurationList;
			buildConfigurations = (
				32E97BBF195B9575003949D3 /* Debug */,
				32E97BC0195B9575003949D3 /* Release */,
			);
			defaultConfigurationIsVisible = 0;
			defaultConfigurationName = Release;
		};
		32E97BC1195B9575003949D3 /* Build configuration list for PBXNativeTarget "Path Animation" */ = {
			isa = XCConfigurationList;
			buildConfigurations = (
				32E97BC2195B9575003949D3 /* Debug */,
				32E97BC3195B9575003949D3 /* Release */,
			);
			defaultConfigurationIsVisible = 0;
		};
		32E97BC4195B9575003949D3 /* Build configuration list for PBXNativeTarget "Path AnimationTests" */ = {
			isa = XCConfigurationList;
			buildConfigurations = (
				32E97BC5195B9575003949D3 /* Debug */,
				32E97BC6195B9575003949D3 /* Release */,
			);
			defaultConfigurationIsVisible = 0;
		};
/* End XCConfigurationList section */
	};
	rootObject = 32E97B8D195B9575003949D3 /* Project object */;
}
