// !$*UTF8*$!
{
	archiveVersion = 1;
	classes = {
	};
	objectVersion = 46;
	objects = {

/* Begin PBXBuildFile section */
		32A712591946751100A6C1F5 /* InfoPlist.strings in Resources */ = {isa = PBXBuildFile; fileRef = 32A712571946751100A6C1F5 /* InfoPlist.strings */; };
		32A7125B1946751100A6C1F5 /* main.m in Sources */ = {isa = PBXBuildFile; fileRef = 32A7125A1946751100A6C1F5 /* main.m */; };
		32A7125F1946751100A6C1F5 /* AppDelegate.m in Sources */ = {isa = PBXBuildFile; fileRef = 32A7125E1946751100A6C1F5 /* AppDelegate.m */; };
		32A712611946751100A6C1F5 /* Images.xcassets in Resources */ = {isa = PBXBuildFile; fileRef = 32A712601946751100A6C1F5 /* Images.xcassets */; };
		32A712721946751100A6C1F5 /* InfoPlist.strings in Resources */ = {isa = PBXBuildFile; fileRef = 32A712701946751100A6C1F5 /* InfoPlist.strings */; };
		32A712741946751100A6C1F5 /* facebook_newsfeedTests.m in Sources */ = {isa = PBXBuildFile; fileRef = 32A712731946751100A6C1F5 /* facebook_newsfeedTests.m */; };
		32A712801946761100A6C1F5 /* MainViewController.m in Sources */ = {isa = PBXBuildFile; fileRef = 32A7127E1946761100A6C1F5 /* MainViewController.m */; };
		32A712811946761100A6C1F5 /* MainViewController.xib in Resources */ = {isa = PBXBuildFile; fileRef = 32A7127F1946761100A6C1F5 /* MainViewController.xib */; };
/* End PBXBuildFile section */

/* Begin PBXContainerItemProxy section */
		32A7126B1946751100A6C1F5 /* PBXContainerItemProxy */ = {
			isa = PBXContainerItemProxy;
			containerPortal = 32A712431946751100A6C1F5 /* Project object */;
			proxyType = 1;
			remoteGlobalIDString = 32A7124A1946751100A6C1F5;
			remoteInfo = "facebook-newsfeed";
		};
/* End PBXContainerItemProxy section */

/* Begin PBXFileReference section */
		32A7124B1946751100A6C1F5 /* facebook-newsfeed.app */ = {isa = PBXFileReference; explicitFileType = wrapper.application; includeInIndex = 0; path = "facebook-newsfeed.app"; sourceTree = BUILT_PRODUCTS_DIR; };
		32A712561946751100A6C1F5 /* facebook-newsfeed-Info.plist */ = {isa = PBXFileReference; lastKnownFileType = text.plist.xml; path = "facebook-newsfeed-Info.plist"; sourceTree = "<group>"; };
		32A712581946751100A6C1F5 /* en */ = {isa = PBXFileReference; lastKnownFileType = text.plist.strings; name = en; path = en.lproj/InfoPlist.strings; sourceTree = "<group>"; };
		32A7125A1946751100A6C1F5 /* main.m */ = {isa = PBXFileReference; lastKnownFileType = sourcecode.c.objc; path = main.m; sourceTree = "<group>"; };
		32A7125C1946751100A6C1F5 /* facebook-newsfeed-Prefix.pch */ = {isa = PBXFileReference; lastKnownFileType = sourcecode.c.h; path = "facebook-newsfeed-Prefix.pch"; sourceTree = "<group>"; };
		32A7125D1946751100A6C1F5 /* AppDelegate.h */ = {isa = PBXFileReference; lastKnownFileType = sourcecode.c.h; path = AppDelegate.h; sourceTree = "<group>"; };
		32A7125E1946751100A6C1F5 /* AppDelegate.m */ = {isa = PBXFileReference; lastKnownFileType = sourcecode.c.objc; path = AppDelegate.m; sourceTree = "<group>"; };
		32A712601946751100A6C1F5 /* Images.xcassets */ = {isa = PBXFileReference; lastKnownFileType = folder.assetcatalog; path = Images.xcassets; sourceTree = "<group>"; };
		32A712661946751100A6C1F5 /* facebook-newsfeedTests.xctest */ = {isa = PBXFileReference; explicitFileType = wrapper.cfbundle; includeInIndex = 0; path = "facebook-newsfeedTests.xctest"; sourceTree = BUILT_PRODUCTS_DIR; };
		32A7126F1946751100A6C1F5 /* facebook-newsfeedTests-Info.plist */ = {isa = PBXFileReference; lastKnownFileType = text.plist.xml; path = "facebook-newsfeedTests-Info.plist"; sourceTree = "<group>"; };
		32A712711946751100A6C1F5 /* en */ = {isa = PBXFileReference; lastKnownFileType = text.plist.strings; name = en; path = en.lproj/InfoPlist.strings; sourceTree = "<group>"; };
		32A712731946751100A6C1F5 /* facebook_newsfeedTests.m */ = {isa = PBXFileReference; lastKnownFileType = sourcecode.c.objc; path = facebook_newsfeedTests.m; sourceTree = "<group>"; };
		32A7127D1946761000A6C1F5 /* MainViewController.h */ = {isa = PBXFileReference; fileEncoding = 4; lastKnownFileType = sourcecode.c.h; path = MainViewController.h; sourceTree = "<group>"; };
		32A7127E1946761100A6C1F5 /* MainViewController.m */ = {isa = PBXFileReference; fileEncoding = 4; lastKnownFileType = sourcecode.c.objc; path = MainViewController.m; sourceTree = "<group>"; };
		32A7127F1946761100A6C1F5 /* MainViewController.xib */ = {isa = PBXFileReference; fileEncoding = 4; lastKnownFileType = file.xib; path = MainViewController.xib; sourceTree = "<group>"; };
/* End PBXFileReference section */

/* Begin PBXFrameworksBuildPhase section */
		32A712481946751100A6C1F5 /* Frameworks */ = {
			isa = PBXFrameworksBuildPhase;
			buildActionMask = 2147483647;
			files = (
			);
			runOnlyForDeploymentPostprocessing = 0;
		};
		32A712631946751100A6C1F5 /* Frameworks */ = {
			isa = PBXFrameworksBuildPhase;
			buildActionMask = 2147483647;
			files = (
			);
			runOnlyForDeploymentPostprocessing = 0;
		};
/* End PBXFrameworksBuildPhase section */

/* Begin PBXGroup section */
		32A712421946751100A6C1F5 = {
			isa = PBXGroup;
			children = (
				32A712541946751100A6C1F5 /* facebook-newsfeed */,
				32A7126D1946751100A6C1F5 /* facebook-newsfeedTests */,
				32A7124C1946751100A6C1F5 /* Products */,
			);
			sourceTree = "<group>";
		};
		32A7124C1946751100A6C1F5 /* Products */ = {
			isa = PBXGroup;
			children = (
				32A7124B1946751100A6C1F5 /* facebook-newsfeed.app */,
				32A712661946751100A6C1F5 /* facebook-newsfeedTests.xctest */,
			);
			name = Products;
			sourceTree = "<group>";
		};
		32A712541946751100A6C1F5 /* facebook-newsfeed */ = {
			isa = PBXGroup;
			children = (
				32A7125D1946751100A6C1F5 /* AppDelegate.h */,
				32A7125E1946751100A6C1F5 /* AppDelegate.m */,
				32A712601946751100A6C1F5 /* Images.xcassets */,
				32A7127D1946761000A6C1F5 /* MainViewController.h */,
				32A7127E1946761100A6C1F5 /* MainViewController.m */,
				32A7127F1946761100A6C1F5 /* MainViewController.xib */,
				32A712551946751100A6C1F5 /* Supporting Files */,
			);
			path = "facebook-newsfeed";
			sourceTree = "<group>";
		};
		32A712551946751100A6C1F5 /* Supporting Files */ = {
			isa = PBXGroup;
			children = (
				32A712561946751100A6C1F5 /* facebook-newsfeed-Info.plist */,
				32A712571946751100A6C1F5 /* InfoPlist.strings */,
				32A7125A1946751100A6C1F5 /* main.m */,
				32A7125C1946751100A6C1F5 /* facebook-newsfeed-Prefix.pch */,
			);
			name = "Supporting Files";
			sourceTree = "<group>";
		};
		32A7126D1946751100A6C1F5 /* facebook-newsfeedTests */ = {
			isa = PBXGroup;
			children = (
				32A712731946751100A6C1F5 /* facebook_newsfeedTests.m */,
				32A7126E1946751100A6C1F5 /* Supporting Files */,
			);
			path = "facebook-newsfeedTests";
			sourceTree = "<group>";
		};
		32A7126E1946751100A6C1F5 /* Supporting Files */ = {
			isa = PBXGroup;
			children = (
				32A7126F1946751100A6C1F5 /* facebook-newsfeedTests-Info.plist */,
				32A712701946751100A6C1F5 /* InfoPlist.strings */,
			);
			name = "Supporting Files";
			sourceTree = "<group>";
		};
/* End PBXGroup section */

/* Begin PBXNativeTarget section */
		32A7124A1946751100A6C1F5 /* facebook-newsfeed */ = {
			isa = PBXNativeTarget;
			buildConfigurationList = 32A712771946751100A6C1F5 /* Build configuration list for PBXNativeTarget "facebook-newsfeed" */;
			buildPhases = (
				32A712471946751100A6C1F5 /* Sources */,
				32A712481946751100A6C1F5 /* Frameworks */,
				32A712491946751100A6C1F5 /* Resources */,
			);
			buildRules = (
			);
			dependencies = (
			);
			name = "facebook-newsfeed";
			productName = "facebook-newsfeed";
			productReference = 32A7124B1946751100A6C1F5 /* facebook-newsfeed.app */;
			productType = "com.apple.product-type.application";
		};
		32A712651946751100A6C1F5 /* facebook-newsfeedTests */ = {
			isa = PBXNativeTarget;
			buildConfigurationList = 32A7127A1946751100A6C1F5 /* Build configuration list for PBXNativeTarget "facebook-newsfeedTests" */;
			buildPhases = (
				32A712621946751100A6C1F5 /* Sources */,
				32A712631946751100A6C1F5 /* Frameworks */,
				32A712641946751100A6C1F5 /* Resources */,
			);
			buildRules = (
			);
			dependencies = (
				32A7126C1946751100A6C1F5 /* PBXTargetDependency */,
			);
			name = "facebook-newsfeedTests";
			productName = "facebook-newsfeedTests";
			productReference = 32A712661946751100A6C1F5 /* facebook-newsfeedTests.xctest */;
			productType = "com.apple.product-type.bundle.unit-test";
		};
/* End PBXNativeTarget section */

/* Begin PBXProject section */
		32A712431946751100A6C1F5 /* Project object */ = {
			isa = PBXProject;
			attributes = {
				LastUpgradeCheck = 0510;
				ORGANIZATIONNAME = codepath;
				TargetAttributes = {
					32A712651946751100A6C1F5 = {
						TestTargetID = 32A7124A1946751100A6C1F5;
					};
				};
			};
			buildConfigurationList = 32A712461946751100A6C1F5 /* Build configuration list for PBXProject "facebook-newsfeed" */;
			compatibilityVersion = "Xcode 3.2";
			developmentRegion = English;
			hasScannedForEncodings = 0;
			knownRegions = (
				en,
			);
			mainGroup = 32A712421946751100A6C1F5;
			productRefGroup = 32A7124C1946751100A6C1F5 /* Products */;
			projectDirPath = "";
			projectRoot = "";
			targets = (
				32A7124A1946751100A6C1F5 /* facebook-newsfeed */,
				32A712651946751100A6C1F5 /* facebook-newsfeedTests */,
			);
		};
/* End PBXProject section */

/* Begin PBXResourcesBuildPhase section */
		32A712491946751100A6C1F5 /* Resources */ = {
			isa = PBXResourcesBuildPhase;
			buildActionMask = 2147483647;
			files = (
				32A712591946751100A6C1F5 /* InfoPlist.strings in Resources */,
				32A712811946761100A6C1F5 /* MainViewController.xib in Resources */,
				32A712611946751100A6C1F5 /* Images.xcassets in Resources */,
			);
			runOnlyForDeploymentPostprocessing = 0;
		};
		32A712641946751100A6C1F5 /* Resources */ = {
			isa = PBXResourcesBuildPhase;
			buildActionMask = 2147483647;
			files = (
				32A712721946751100A6C1F5 /* InfoPlist.strings in Resources */,
			);
			runOnlyForDeploymentPostprocessing = 0;
		};
/* End PBXResourcesBuildPhase section */

/* Begin PBXSourcesBuildPhase section */
		32A712471946751100A6C1F5 /* Sources */ = {
			isa = PBXSourcesBuildPhase;
			buildActionMask = 2147483647;
			files = (
				32A7125F1946751100A6C1F5 /* AppDelegate.m in Sources */,
				32A712801946761100A6C1F5 /* MainViewController.m in Sources */,
				32A7125B1946751100A6C1F5 /* main.m in Sources */,
			);
			runOnlyForDeploymentPostprocessing = 0;
		};
		32A712621946751100A6C1F5 /* Sources */ = {
			isa = PBXSourcesBuildPhase;
			buildActionMask = 2147483647;
			files = (
				32A712741946751100A6C1F5 /* facebook_newsfeedTests.m in Sources */,
			);
			runOnlyForDeploymentPostprocessing = 0;
		};
/* End PBXSourcesBuildPhase section */

/* Begin PBXTargetDependency section */
		32A7126C1946751100A6C1F5 /* PBXTargetDependency */ = {
			isa = PBXTargetDependency;
			target = 32A7124A1946751100A6C1F5 /* facebook-newsfeed */;
			targetProxy = 32A7126B1946751100A6C1F5 /* PBXContainerItemProxy */;
		};
/* End PBXTargetDependency section */

/* Begin PBXVariantGroup section */
		32A712571946751100A6C1F5 /* InfoPlist.strings */ = {
			isa = PBXVariantGroup;
			children = (
				32A712581946751100A6C1F5 /* en */,
			);
			name = InfoPlist.strings;
			sourceTree = "<group>";
		};
		32A712701946751100A6C1F5 /* InfoPlist.strings */ = {
			isa = PBXVariantGroup;
			children = (
				32A712711946751100A6C1F5 /* en */,
			);
			name = InfoPlist.strings;
			sourceTree = "<group>";
		};
/* End PBXVariantGroup section */

/* Begin XCBuildConfiguration section */
		32A712751946751100A6C1F5 /* Debug */ = {
			isa = XCBuildConfiguration;
			buildSettings = {
				ALWAYS_SEARCH_USER_PATHS = NO;
				CLANG_CXX_LANGUAGE_STANDARD = "gnu++0x";
				CLANG_CXX_LIBRARY = "libc++";
				CLANG_ENABLE_MODULES = YES;
				CLANG_ENABLE_OBJC_ARC = YES;
				CLANG_WARN_BOOL_CONVERSION = YES;
				CLANG_WARN_CONSTANT_CONVERSION = YES;
				CLANG_WARN_DIRECT_OBJC_ISA_USAGE = YES_ERROR;
				CLANG_WARN_EMPTY_BODY = YES;
				CLANG_WARN_ENUM_CONVERSION = YES;
				CLANG_WARN_INT_CONVERSION = YES;
				CLANG_WARN_OBJC_ROOT_CLASS = YES_ERROR;
				CLANG_WARN__DUPLICATE_METHOD_MATCH = YES;
				"CODE_SIGN_IDENTITY[sdk=iphoneos*]" = "iPhone Developer";
				COPY_PHASE_STRIP = NO;
				GCC_C_LANGUAGE_STANDARD = gnu99;
				GCC_DYNAMIC_NO_PIC = NO;
				GCC_OPTIMIZATION_LEVEL = 0;
				GCC_PREPROCESSOR_DEFINITIONS = (
					"DEBUG=1",
					"$(inherited)",
				);
				GCC_SYMBOLS_PRIVATE_EXTERN = NO;
				GCC_WARN_64_TO_32_BIT_CONVERSION = YES;
				GCC_WARN_ABOUT_RETURN_TYPE = YES_ERROR;
				GCC_WARN_UNDECLARED_SELECTOR = YES;
				GCC_WARN_UNINITIALIZED_AUTOS = YES_AGGRESSIVE;
				GCC_WARN_UNUSED_FUNCTION = YES;
				GCC_WARN_UNUSED_VARIABLE = YES;
				IPHONEOS_DEPLOYMENT_TARGET = 7.1;
				ONLY_ACTIVE_ARCH = YES;
				SDKROOT = iphoneos;
				TARGETED_DEVICE_FAMILY = "1,2";
			};
			name = Debug;
		};
		32A712761946751100A6C1F5 /* Release */ = {
			isa = XCBuildConfiguration;
			buildSettings = {
				ALWAYS_SEARCH_USER_PATHS = NO;
				CLANG_CXX_LANGUAGE_STANDARD = "gnu++0x";
				CLANG_CXX_LIBRARY = "libc++";
				CLANG_ENABLE_MODULES = YES;
				CLANG_ENABLE_OBJC_ARC = YES;
				CLANG_WARN_BOOL_CONVERSION = YES;
				CLANG_WARN_CONSTANT_CONVERSION = YES;
				CLANG_WARN_DIRECT_OBJC_ISA_USAGE = YES_ERROR;
				CLANG_WARN_EMPTY_BODY = YES;
				CLANG_WARN_ENUM_CONVERSION = YES;
				CLANG_WARN_INT_CONVERSION = YES;
				CLANG_WARN_OBJC_ROOT_CLASS = YES_ERROR;
				CLANG_WARN__DUPLICATE_METHOD_MATCH = YES;
				"CODE_SIGN_IDENTITY[sdk=iphoneos*]" = "iPhone Developer";
				COPY_PHASE_STRIP = YES;
				ENABLE_NS_ASSERTIONS = NO;
				GCC_C_LANGUAGE_STANDARD = gnu99;
				GCC_WARN_64_TO_32_BIT_CONVERSION = YES;
				GCC_WARN_ABOUT_RETURN_TYPE = YES_ERROR;
				GCC_WARN_UNDECLARED_SELECTOR = YES;
				GCC_WARN_UNINITIALIZED_AUTOS = YES_AGGRESSIVE;
				GCC_WARN_UNUSED_FUNCTION = YES;
				GCC_WARN_UNUSED_VARIABLE = YES;
				IPHONEOS_DEPLOYMENT_TARGET = 7.1;
				SDKROOT = iphoneos;
				TARGETED_DEVICE_FAMILY = "1,2";
				VALIDATE_PRODUCT = YES;
			};
			name = Release;
		};
		32A712781946751100A6C1F5 /* Debug */ = {
			isa = XCBuildConfiguration;
			buildSettings = {
				ASSETCATALOG_COMPILER_APPICON_NAME = AppIcon;
				ASSETCATALOG_COMPILER_LAUNCHIMAGE_NAME = LaunchImage;
				GCC_PRECOMPILE_PREFIX_HEADER = YES;
				GCC_PREFIX_HEADER = "facebook-newsfeed/facebook-newsfeed-Prefix.pch";
				INFOPLIST_FILE = "facebook-newsfeed/facebook-newsfeed-Info.plist";
				PRODUCT_NAME = "$(TARGET_NAME)";
				WRAPPER_EXTENSION = app;
			};
			name = Debug;
		};
		32A712791946751100A6C1F5 /* Release */ = {
			isa = XCBuildConfiguration;
			buildSettings = {
				ASSETCATALOG_COMPILER_APPICON_NAME = AppIcon;
				ASSETCATALOG_COMPILER_LAUNCHIMAGE_NAME = LaunchImage;
				GCC_PRECOMPILE_PREFIX_HEADER = YES;
				GCC_PREFIX_HEADER = "facebook-newsfeed/facebook-newsfeed-Prefix.pch";
				INFOPLIST_FILE = "facebook-newsfeed/facebook-newsfeed-Info.plist";
				PRODUCT_NAME = "$(TARGET_NAME)";
				WRAPPER_EXTENSION = app;
			};
			name = Release;
		};
		32A7127B1946751100A6C1F5 /* Debug */ = {
			isa = XCBuildConfiguration;
			buildSettings = {
				BUNDLE_LOADER = "$(BUILT_PRODUCTS_DIR)/facebook-newsfeed.app/facebook-newsfeed";
				FRAMEWORK_SEARCH_PATHS = (
					"$(SDKROOT)/Developer/Library/Frameworks",
					"$(inherited)",
					"$(DEVELOPER_FRAMEWORKS_DIR)",
				);
				GCC_PRECOMPILE_PREFIX_HEADER = YES;
				GCC_PREFIX_HEADER = "facebook-newsfeed/facebook-newsfeed-Prefix.pch";
				GCC_PREPROCESSOR_DEFINITIONS = (
					"DEBUG=1",
					"$(inherited)",
				);
				INFOPLIST_FILE = "facebook-newsfeedTests/facebook-newsfeedTests-Info.plist";
				PRODUCT_NAME = "$(TARGET_NAME)";
				TEST_HOST = "$(BUNDLE_LOADER)";
				WRAPPER_EXTENSION = xctest;
			};
			name = Debug;
		};
		32A7127C1946751100A6C1F5 /* Release */ = {
			isa = XCBuildConfiguration;
			buildSettings = {
				BUNDLE_LOADER = "$(BUILT_PRODUCTS_DIR)/facebook-newsfeed.app/facebook-newsfeed";
				FRAMEWORK_SEARCH_PATHS = (
					"$(SDKROOT)/Developer/Library/Frameworks",
					"$(inherited)",
					"$(DEVELOPER_FRAMEWORKS_DIR)",
				);
				GCC_PRECOMPILE_PREFIX_HEADER = YES;
				GCC_PREFIX_HEADER = "facebook-newsfeed/facebook-newsfeed-Prefix.pch";
				INFOPLIST_FILE = "facebook-newsfeedTests/facebook-newsfeedTests-Info.plist";
				PRODUCT_NAME = "$(TARGET_NAME)";
				TEST_HOST = "$(BUNDLE_LOADER)";
				WRAPPER_EXTENSION = xctest;
			};
			name = Release;
		};
/* End XCBuildConfiguration section */

/* Begin XCConfigurationList section */
		32A712461946751100A6C1F5 /* Build configuration list for PBXProject "facebook-newsfeed" */ = {
			isa = XCConfigurationList;
			buildConfigurations = (
				32A712751946751100A6C1F5 /* Debug */,
				32A712761946751100A6C1F5 /* Release */,
			);
			defaultConfigurationIsVisible = 0;
			defaultConfigurationName = Release;
		};
		32A712771946751100A6C1F5 /* Build configuration list for PBXNativeTarget "facebook-newsfeed" */ = {
			isa = XCConfigurationList;
			buildConfigurations = (
				32A712781946751100A6C1F5 /* Debug */,
				32A712791946751100A6C1F5 /* Release */,
			);
			defaultConfigurationIsVisible = 0;
			defaultConfigurationName = Release;
		};
		32A7127A1946751100A6C1F5 /* Build configuration list for PBXNativeTarget "facebook-newsfeedTests" */ = {
			isa = XCConfigurationList;
			buildConfigurations = (
				32A7127B1946751100A6C1F5 /* Debug */,
				32A7127C1946751100A6C1F5 /* Release */,
			);
			defaultConfigurationIsVisible = 0;
			defaultConfigurationName = Release;
		};
/* End XCConfigurationList section */
	};
	rootObject = 32A712431946751100A6C1F5 /* Project object */;
}
